
Microsoft Visual Studio Solution File, Format Version 12.00
# Visual Studio 15
Project("{FAE04EC0-301F-11D3-BF4B-00C04F79EFBC}") = "ZebraTest.Android", "ZebraTest.Android\ZebraTest.Android.csproj", "{256982D5-3184-4719-BE58-86F326C8B408}"
EndProject
Project("{FAE04EC0-301F-11D3-BF4B-00C04F79EFBC}") = "ZebraTest", "ZebraTest\ZebraTest.csproj", "{50EC8221-26CF-4F3F-8DEF-C9CC0F010855}"
EndProject
Global
	GlobalSection(SolutionConfigurationPlatforms) = preSolution
		Debug|Any CPU = Debug|Any CPU
		Release|Any CPU = Release|Any CPU
	EndGlobalSection
	GlobalSection(ProjectConfigurationPlatforms) = postSolution
		{256982D5-3184-4719-BE58-86F326C8B408}.Debug|Any CPU.ActiveCfg = Debug|Any CPU
		{256982D5-3184-4719-BE58-86F326C8B408}.Debug|Any CPU.Build.0 = Debug|Any CPU
		{256982D5-3184-4719-BE58-86F326C8B408}.Release|Any CPU.ActiveCfg = Release|Any CPU
		{256982D5-3184-4719-BE58-86F326C8B408}.Release|Any CPU.Build.0 = Release|Any CPU
		{50EC8221-26CF-4F3F-8DEF-C9CC0F010855}.Debug|Any CPU.ActiveCfg = Debug|Any CPU
		{50EC8221-26CF-4F3F-8DEF-C9CC0F010855}.Debug|Any CPU.Build.0 = Debug|Any CPU
		{50EC8221-26CF-4F3F-8DEF-C9CC0F010855}.Release|Any CPU.ActiveCfg = Release|Any CPU
		{50EC8221-26CF-4F3F-8DEF-C9CC0F010855}.Release|Any CPU.Build.0 = Release|Any CPU
	EndGlobalSection
EndGlobal
